{
  "name": "nodejs",
  "version": "1.0.0",
  "lockfileVersion": 2,
  "requires": true,
  "packages": {
    "": {
      "name": "nodejs",
      "version": "1.0.0",
      "license": "ISC",
      "dependencies": {
        "@types/node": "^18.0.6",
        "nbtify": "^2.2.0"
      }
    },
    "node_modules/@types/node": {
      "version": "18.0.6",
      "resolved": "https://registry.npmjs.org/@types/node/-/node-18.0.6.tgz",
      "integrity": "sha512-/xUq6H2aQm261exT6iZTMifUySEt4GR5KX8eYyY+C4MSNPqSh9oNIP7tz2GLKTlFaiBbgZNxffoR3CVRG+cljw=="
    },
    "node_modules/mutf-8": {
      "version": "1.1.4",
      "resolved": "https://registry.npmjs.org/mutf-8/-/mutf-8-1.1.4.tgz",
      "integrity": "sha512-zyVV1mk9eO99NOdBq0CR7Wg+hkRcDCpaNsf6hRHYw4LgWTPh9GjJpQxRlRkgEAx+rtcy11SBtjpY70Kt6AosVQ==",
      "license": "MIT"
    },
    "node_modules/nbtify": {
      "version": "2.2.0",
      "resolved": "https://registry.npmjs.org/nbtify/-/nbtify-2.2.0.tgz",
      "integrity": "sha512-xlMI29ZAB4ZCBJRnoa+L8al8uKMTLSwrcx13LbdhFLc3KwJb0sWS4/OcKEN2UcjQOVNyk+CqDWfYvPLOo8of/g==",
      "license": "MIT",
      "dependencies": {
        "mutf-8": "^1.1.4"
      },
      "bin": {
        "nbtify": "dist/bin/index.js"
      }
    }
  },
  "dependencies": {
    "@types/node": {
      "version": "18.0.6",
      "resolved": "https://registry.npmjs.org/@types/node/-/node-18.0.6.tgz",
      "integrity": "sha512-/xUq6H2aQm261exT6iZTMifUySEt4GR5KX8eYyY+C4MSNPqSh9oNIP7tz2GLKTlFaiBbgZNxffoR3CVRG+cljw=="
    },
    "mutf-8": {
      "version": "1.1.4",
      "resolved": "https://registry.npmjs.org/mutf-8/-/mutf-8-1.1.4.tgz",
      "integrity": "sha512-zyVV1mk9eO99NOdBq0CR7Wg+hkRcDCpaNsf6hRHYw4LgWTPh9GjJpQxRlRkgEAx+rtcy11SBtjpY70Kt6AosVQ=="
    },
    "nbtify": {
      "version": "2.2.0",
      "resolved": "https://registry.npmjs.org/nbtify/-/nbtify-2.2.0.tgz",
      "integrity": "sha512-xlMI29ZAB4ZCBJRnoa+L8al8uKMTLSwrcx13LbdhFLc3KwJb0sWS4/OcKEN2UcjQOVNyk+CqDWfYvPLOo8of/g==",
      "requires": {
        "mutf-8": "^1.1.4"
      }
    }
  }
}
